// !$*UTF8*$!
{
	archiveVersion = 1;
	classes = {
	};
	objectVersion = 56;
	objects = {

/* Begin PBXBuildFile section */
		CD0889A82C3AD11A007F5ACC /* CardsLearningApp.swift in Sources */ = {isa = PBXBuildFile; fileRef = CD0889A72C3AD11A007F5ACC /* CardsLearningApp.swift */; };
		CD0889AA2C3AD11A007F5ACC /* ContentView.swift in Sources */ = {isa = PBXBuildFile; fileRef = CD0889A92C3AD11A007F5ACC /* ContentView.swift */; };
		CD0889AC2C3AD11B007F5ACC /* Assets.xcassets in Resources */ = {isa = PBXBuildFile; fileRef = CD0889AB2C3AD11B007F5ACC /* Assets.xcassets */; };
		CD0889AF2C3AD11B007F5ACC /* Preview Assets.xcassets in Resources */ = {isa = PBXBuildFile; fileRef = CD0889AE2C3AD11B007F5ACC /* Preview Assets.xcassets */; };
		CD1C076D2C84C300007D05DC /* SM2Engine.swift in Sources */ = {isa = PBXBuildFile; fileRef = CD1C076C2C84C300007D05DC /* SM2Engine.swift */; };
		CDA51AC92C75232100B48A91 /* HomeView.swift in Sources */ = {isa = PBXBuildFile; fileRef = CDA51AC82C75232100B48A91 /* HomeView.swift */; };
		CDA51ACB2C752B0C00B48A91 /* DeskView.swift in Sources */ = {isa = PBXBuildFile; fileRef = CDA51ACA2C752B0C00B48A91 /* DeskView.swift */; };
		CDA51ACD2C7534B300B48A91 /* CardView.swift in Sources */ = {isa = PBXBuildFile; fileRef = CDA51ACC2C7534B300B48A91 /* CardView.swift */; };
		CDA51ACF2C754D5800B48A91 /* NewDeskView.swift in Sources */ = {isa = PBXBuildFile; fileRef = CDA51ACE2C754D5800B48A91 /* NewDeskView.swift */; };
		CDA51AD12C755A9A00B48A91 /* NewCardView.swift in Sources */ = {isa = PBXBuildFile; fileRef = CDA51AD02C755A9A00B48A91 /* NewCardView.swift */; };
		CDA51AD72C778D0100B48A91 /* Model.xcdatamodeld in Sources */ = {isa = PBXBuildFile; fileRef = CDA51AD52C778D0100B48A91 /* Model.xcdatamodeld */; };
		CDA51AD92C77991800B48A91 /* DataManager.swift in Sources */ = {isa = PBXBuildFile; fileRef = CDA51AD82C77991800B48A91 /* DataManager.swift */; };
/* End PBXBuildFile section */

/* Begin PBXFileReference section */
		CD0889A42C3AD11A007F5ACC /* CardsLearning.app */ = {isa = PBXFileReference; explicitFileType = wrapper.application; includeInIndex = 0; path = CardsLearning.app; sourceTree = BUILT_PRODUCTS_DIR; };
		CD0889A72C3AD11A007F5ACC /* CardsLearningApp.swift */ = {isa = PBXFileReference; lastKnownFileType = sourcecode.swift; path = CardsLearningApp.swift; sourceTree = "<group>"; };
		CD0889A92C3AD11A007F5ACC /* ContentView.swift */ = {isa = PBXFileReference; lastKnownFileType = sourcecode.swift; path = ContentView.swift; sourceTree = "<group>"; };
		CD0889AB2C3AD11B007F5ACC /* Assets.xcassets */ = {isa = PBXFileReference; lastKnownFileType = folder.assetcatalog; path = Assets.xcassets; sourceTree = "<group>"; };
		CD0889AE2C3AD11B007F5ACC /* Preview Assets.xcassets */ = {isa = PBXFileReference; lastKnownFileType = folder.assetcatalog; path = "Preview Assets.xcassets"; sourceTree = "<group>"; };
		CD1C076C2C84C300007D05DC /* SM2Engine.swift */ = {isa = PBXFileReference; lastKnownFileType = sourcecode.swift; path = SM2Engine.swift; sourceTree = "<group>"; };
		CDA51AC82C75232100B48A91 /* HomeView.swift */ = {isa = PBXFileReference; lastKnownFileType = sourcecode.swift; path = HomeView.swift; sourceTree = "<group>"; };
		CDA51ACA2C752B0C00B48A91 /* DeskView.swift */ = {isa = PBXFileReference; lastKnownFileType = sourcecode.swift; path = DeskView.swift; sourceTree = "<group>"; };
		CDA51ACC2C7534B300B48A91 /* CardView.swift */ = {isa = PBXFileReference; lastKnownFileType = sourcecode.swift; path = CardView.swift; sourceTree = "<group>"; };
		CDA51ACE2C754D5800B48A91 /* NewDeskView.swift */ = {isa = PBXFileReference; lastKnownFileType = sourcecode.swift; path = NewDeskView.swift; sourceTree = "<group>"; };
		CDA51AD02C755A9A00B48A91 /* NewCardView.swift */ = {isa = PBXFileReference; lastKnownFileType = sourcecode.swift; path = NewCardView.swift; sourceTree = "<group>"; };
		CDA51AD62C778D0100B48A91 /* Model.xcdatamodel */ = {isa = PBXFileReference; lastKnownFileType = wrapper.xcdatamodel; path = Model.xcdatamodel; sourceTree = "<group>"; };
		CDA51AD82C77991800B48A91 /* DataManager.swift */ = {isa = PBXFileReference; lastKnownFileType = sourcecode.swift; path = DataManager.swift; sourceTree = "<group>"; };
/* End PBXFileReference section */

/* Begin PBXFrameworksBuildPhase section */
		CD0889A12C3AD11A007F5ACC /* Frameworks */ = {
			isa = PBXFrameworksBuildPhase;
			buildActionMask = 2147483647;
			files = (
			);
			runOnlyForDeploymentPostprocessing = 0;
		};
/* End PBXFrameworksBuildPhase section */

/* Begin PBXGroup section */
		CD08899B2C3AD11A007F5ACC = {
			isa = PBXGroup;
			children = (
				CD0889A62C3AD11A007F5ACC /* CardsLearning */,
				CD0889A52C3AD11A007F5ACC /* Products */,
			);
			sourceTree = "<group>";
		};
		CD0889A52C3AD11A007F5ACC /* Products */ = {
			isa = PBXGroup;
			children = (
				CD0889A42C3AD11A007F5ACC /* CardsLearning.app */,
			);
			name = Products;
			sourceTree = "<group>";
		};
		CD0889A62C3AD11A007F5ACC /* CardsLearning */ = {
			isa = PBXGroup;
			children = (
				CD0889A72C3AD11A007F5ACC /* CardsLearningApp.swift */,
				CD0889A92C3AD11A007F5ACC /* ContentView.swift */,
				CDA51ACA2C752B0C00B48A91 /* DeskView.swift */,
				CDA51ACC2C7534B300B48A91 /* CardView.swift */,
				CDA51AD82C77991800B48A91 /* DataManager.swift */,
				CDA51ACE2C754D5800B48A91 /* NewDeskView.swift */,
				CDA51AD02C755A9A00B48A91 /* NewCardView.swift */,
				CDA51AC82C75232100B48A91 /* HomeView.swift */,
				CDA51AD52C778D0100B48A91 /* Model.xcdatamodeld */,
				CD0889AB2C3AD11B007F5ACC /* Assets.xcassets */,
				CD0889AD2C3AD11B007F5ACC /* Preview Content */,
				CD1C076C2C84C300007D05DC /* SM2Engine.swift */,
			);
			path = CardsLearning;
			sourceTree = "<group>";
		};
		CD0889AD2C3AD11B007F5ACC /* Preview Content */ = {
			isa = PBXGroup;
			children = (
				CD0889AE2C3AD11B007F5ACC /* Preview Assets.xcassets */,
			);
			path = "Preview Content";
			sourceTree = "<group>";
		};
/* End PBXGroup section */

/* Begin PBXNativeTarget section */
		CD0889A32C3AD11A007F5ACC /* CardsLearning */ = {
			isa = PBXNativeTarget;
			buildConfigurationList = CD0889B22C3AD11B007F5ACC /* Build configuration list for PBXNativeTarget "CardsLearning" */;
			buildPhases = (
				CD0889A02C3AD11A007F5ACC /* Sources */,
				CD0889A12C3AD11A007F5ACC /* Frameworks */,
				CD0889A22C3AD11A007F5ACC /* Resources */,
			);
			buildRules = (
			);
			dependencies = (
			);
			name = CardsLearning;
			productName = "Better Anki";
			productReference = CD0889A42C3AD11A007F5ACC /* CardsLearning.app */;
			productType = "com.apple.product-type.application";
		};
/* End PBXNativeTarget section */

/* Begin PBXProject section */
		CD08899C2C3AD11A007F5ACC /* Project object */ = {
			isa = PBXProject;
			attributes = {
				BuildIndependentTargetsInParallel = 1;
				LastSwiftUpdateCheck = 1500;
				LastUpgradeCheck = 1500;
				TargetAttributes = {
					CD0889A32C3AD11A007F5ACC = {
						CreatedOnToolsVersion = 15.0.1;
					};
				};
			};
			buildConfigurationList = CD08899F2C3AD11A007F5ACC /* Build configuration list for PBXProject "CardsLearning" */;
			compatibilityVersion = "Xcode 14.0";
			developmentRegion = en;
			hasScannedForEncodings = 0;
			knownRegions = (
				en,
				Base,
			);
			mainGroup = CD08899B2C3AD11A007F5ACC;
			packageReferences = (
			);
			productRefGroup = CD0889A52C3AD11A007F5ACC /* Products */;
			projectDirPath = "";
			projectRoot = "";
			targets = (
				CD0889A32C3AD11A007F5ACC /* CardsLearning */,
			);
		};
/* End PBXProject section */

/* Begin PBXResourcesBuildPhase section */
		CD0889A22C3AD11A007F5ACC /* Resources */ = {
			isa = PBXResourcesBuildPhase;
			buildActionMask = 2147483647;
			files = (
				CD0889AF2C3AD11B007F5ACC /* Preview Assets.xcassets in Resources */,
				CD0889AC2C3AD11B007F5ACC /* Assets.xcassets in Resources */,
			);
			runOnlyForDeploymentPostprocessing = 0;
		};
/* End PBXResourcesBuildPhase section */

/* Begin PBXSourcesBuildPhase section */
		CD0889A02C3AD11A007F5ACC /* Sources */ = {
			isa = PBXSourcesBuildPhase;
			buildActionMask = 2147483647;
			files = (
				CD1C076D2C84C300007D05DC /* SM2Engine.swift in Sources */,
				CDA51ACF2C754D5800B48A91 /* NewDeskView.swift in Sources */,
				CD0889AA2C3AD11A007F5ACC /* ContentView.swift in Sources */,
				CD0889A82C3AD11A007F5ACC /* CardsLearningApp.swift in Sources */,
				CDA51ACB2C752B0C00B48A91 /* DeskView.swift in Sources */,
				CDA51AD72C778D0100B48A91 /* Model.xcdatamodeld in Sources */,
				CDA51AC92C75232100B48A91 /* HomeView.swift in Sources */,
				CDA51ACD2C7534B300B48A91 /* CardView.swift in Sources */,
				CDA51AD92C77991800B48A91 /* DataManager.swift in Sources */,
				CDA51AD12C755A9A00B48A91 /* NewCardView.swift in Sources */,
			);
			runOnlyForDeploymentPostprocessing = 0;
		};
/* End PBXSourcesBuildPhase section */

/* Begin XCBuildConfiguration section */
		CD0889B02C3AD11B007F5ACC /* Debug */ = {
			isa = XCBuildConfiguration;
			buildSettings = {
				ALWAYS_SEARCH_USER_PATHS = NO;
				ASSETCATALOG_COMPILER_GENERATE_SWIFT_ASSET_SYMBOL_EXTENSIONS = YES;
				CLANG_ANALYZER_NONNULL = YES;
				CLANG_ANALYZER_NUMBER_OBJECT_CONVERSION = YES_AGGRESSIVE;
				CLANG_CXX_LANGUAGE_STANDARD = "gnu++20";
				CLANG_ENABLE_MODULES = YES;
				CLANG_ENABLE_OBJC_ARC = YES;
				CLANG_ENABLE_OBJC_WEAK = YES;
				CLANG_WARN_BLOCK_CAPTURE_AUTORELEASING = YES;
				CLANG_WARN_BOOL_CONVERSION = YES;
				CLANG_WARN_COMMA = YES;
				CLANG_WARN_CONSTANT_CONVERSION = YES;
				CLANG_WARN_DEPRECATED_OBJC_IMPLEMENTATIONS = YES;
				CLANG_WARN_DIRECT_OBJC_ISA_USAGE = YES_ERROR;
				CLANG_WARN_DOCUMENTATION_COMMENTS = YES;
				CLANG_WARN_EMPTY_BODY = YES;
				CLANG_WARN_ENUM_CONVERSION = YES;
				CLANG_WARN_INFINITE_RECURSION = YES;
				CLANG_WARN_INT_CONVERSION = YES;
				CLANG_WARN_NON_LITERAL_NULL_CONVERSION = YES;
				CLANG_WARN_OBJC_IMPLICIT_RETAIN_SELF = YES;
				CLANG_WARN_OBJC_LITERAL_CONVERSION = YES;
				CLANG_WARN_OBJC_ROOT_CLASS = YES_ERROR;
				CLANG_WARN_QUOTED_INCLUDE_IN_FRAMEWORK_HEADER = YES;
				CLANG_WARN_RANGE_LOOP_ANALYSIS = YES;
				CLANG_WARN_STRICT_PROTOTYPES = YES;
				CLANG_WARN_SUSPICIOUS_MOVE = YES;
				CLANG_WARN_UNGUARDED_AVAILABILITY = YES_AGGRESSIVE;
				CLANG_WARN_UNREACHABLE_CODE = YES;
				CLANG_WARN__DUPLICATE_METHOD_MATCH = YES;
				COPY_PHASE_STRIP = NO;
				DEBUG_INFORMATION_FORMAT = dwarf;
				ENABLE_STRICT_OBJC_MSGSEND = YES;
				ENABLE_TESTABILITY = YES;
				ENABLE_USER_SCRIPT_SANDBOXING = YES;
				GCC_C_LANGUAGE_STANDARD = gnu17;
				GCC_DYNAMIC_NO_PIC = NO;
				GCC_NO_COMMON_BLOCKS = YES;
				GCC_OPTIMIZATION_LEVEL = 0;
				GCC_PREPROCESSOR_DEFINITIONS = (
					"DEBUG=1",
					"$(inherited)",
				);
				GCC_WARN_64_TO_32_BIT_CONVERSION = YES;
				GCC_WARN_ABOUT_RETURN_TYPE = YES_ERROR;
				GCC_WARN_UNDECLARED_SELECTOR = YES;
				GCC_WARN_UNINITIALIZED_AUTOS = YES_AGGRESSIVE;
				GCC_WARN_UNUSED_FUNCTION = YES;
				GCC_WARN_UNUSED_VARIABLE = YES;
				IPHONEOS_DEPLOYMENT_TARGET = 17.0;
				LOCALIZATION_PREFERS_STRING_CATALOGS = YES;
				MTL_ENABLE_DEBUG_INFO = INCLUDE_SOURCE;
				MTL_FAST_MATH = YES;
				ONLY_ACTIVE_ARCH = YES;
				SDKROOT = iphoneos;
				SWIFT_ACTIVE_COMPILATION_CONDITIONS = "DEBUG $(inherited)";
				SWIFT_OPTIMIZATION_LEVEL = "-Onone";
			};
			name = Debug;
		};
		CD0889B12C3AD11B007F5ACC /* Release */ = {
			isa = XCBuildConfiguration;
			buildSettings = {
				ALWAYS_SEARCH_USER_PATHS = NO;
				ASSETCATALOG_COMPILER_GENERATE_SWIFT_ASSET_SYMBOL_EXTENSIONS = YES;
				CLANG_ANALYZER_NONNULL = YES;
				CLANG_ANALYZER_NUMBER_OBJECT_CONVERSION = YES_AGGRESSIVE;
				CLANG_CXX_LANGUAGE_STANDARD = "gnu++20";
				CLANG_ENABLE_MODULES = YES;
				CLANG_ENABLE_OBJC_ARC = YES;
				CLANG_ENABLE_OBJC_WEAK = YES;
				CLANG_WARN_BLOCK_CAPTURE_AUTORELEASING = YES;
				CLANG_WARN_BOOL_CONVERSION = YES;
				CLANG_WARN_COMMA = YES;
				CLANG_WARN_CONSTANT_CONVERSION = YES;
				CLANG_WARN_DEPRECATED_OBJC_IMPLEMENTATIONS = YES;
				CLANG_WARN_DIRECT_OBJC_ISA_USAGE = YES_ERROR;
				CLANG_WARN_DOCUMENTATION_COMMENTS = YES;
				CLANG_WARN_EMPTY_BODY = YES;
				CLANG_WARN_ENUM_CONVERSION = YES;
				CLANG_WARN_INFINITE_RECURSION = YES;
				CLANG_WARN_INT_CONVERSION = YES;
				CLANG_WARN_NON_LITERAL_NULL_CONVERSION = YES;
				CLANG_WARN_OBJC_IMPLICIT_RETAIN_SELF = YES;
				CLANG_WARN_OBJC_LITERAL_CONVERSION = YES;
				CLANG_WARN_OBJC_ROOT_CLASS = YES_ERROR;
				CLANG_WARN_QUOTED_INCLUDE_IN_FRAMEWORK_HEADER = YES;
				CLANG_WARN_RANGE_LOOP_ANALYSIS = YES;
				CLANG_WARN_STRICT_PROTOTYPES = YES;
				CLANG_WARN_SUSPICIOUS_MOVE = YES;
				CLANG_WARN_UNGUARDED_AVAILABILITY = YES_AGGRESSIVE;
				CLANG_WARN_UNREACHABLE_CODE = YES;
				CLANG_WARN__DUPLICATE_METHOD_MATCH = YES;
				COPY_PHASE_STRIP = NO;
				DEBUG_INFORMATION_FORMAT = "dwarf-with-dsym";
				ENABLE_NS_ASSERTIONS = NO;
				ENABLE_STRICT_OBJC_MSGSEND = YES;
				ENABLE_USER_SCRIPT_SANDBOXING = YES;
				GCC_C_LANGUAGE_STANDARD = gnu17;
				GCC_NO_COMMON_BLOCKS = YES;
				GCC_WARN_64_TO_32_BIT_CONVERSION = YES;
				GCC_WARN_ABOUT_RETURN_TYPE = YES_ERROR;
				GCC_WARN_UNDECLARED_SELECTOR = YES;
				GCC_WARN_UNINITIALIZED_AUTOS = YES_AGGRESSIVE;
				GCC_WARN_UNUSED_FUNCTION = YES;
				GCC_WARN_UNUSED_VARIABLE = YES;
				IPHONEOS_DEPLOYMENT_TARGET = 17.0;
				LOCALIZATION_PREFERS_STRING_CATALOGS = YES;
				MTL_ENABLE_DEBUG_INFO = NO;
				MTL_FAST_MATH = YES;
				SDKROOT = iphoneos;
				SWIFT_COMPILATION_MODE = wholemodule;
				VALIDATE_PRODUCT = YES;
			};
			name = Release;
		};
		CD0889B32C3AD11B007F5ACC /* Debug */ = {
			isa = XCBuildConfiguration;
			buildSettings = {
				ASSETCATALOG_COMPILER_APPICON_NAME = AppIcon;
				ASSETCATALOG_COMPILER_GLOBAL_ACCENT_COLOR_NAME = AccentColor;
				CODE_SIGN_STYLE = Automatic;
				CURRENT_PROJECT_VERSION = 1;
				DEVELOPMENT_ASSET_PATHS = "\"CardsLearning/Preview Content\"";
				DEVELOPMENT_TEAM = 5L2PK7Z938;
				ENABLE_PREVIEWS = YES;
				GENERATE_INFOPLIST_FILE = YES;
				INFOPLIST_KEY_UIApplicationSceneManifest_Generation = YES;
				INFOPLIST_KEY_UIApplicationSupportsIndirectInputEvents = YES;
				INFOPLIST_KEY_UILaunchScreen_Generation = YES;
				INFOPLIST_KEY_UISupportedInterfaceOrientations_iPad = "UIInterfaceOrientationPortrait UIInterfaceOrientationPortraitUpsideDown UIInterfaceOrientationLandscapeLeft UIInterfaceOrientationLandscapeRight";
				INFOPLIST_KEY_UISupportedInterfaceOrientations_iPhone = "UIInterfaceOrientationPortrait UIInterfaceOrientationLandscapeLeft UIInterfaceOrientationLandscapeRight";
				LD_RUNPATH_SEARCH_PATHS = (
					"$(inherited)",
					"@executable_path/Frameworks",
				);
				MARKETING_VERSION = 1.0;
				PRODUCT_BUNDLE_IDENTIFIER = com.panda.CardsLearning;
				PRODUCT_NAME = "$(TARGET_NAME)";
				SWIFT_EMIT_LOC_STRINGS = YES;
				SWIFT_VERSION = 5.0;
				TARGETED_DEVICE_FAMILY = "1,2";
			};
			name = Debug;
		};
		CD0889B42C3AD11B007F5ACC /* Release */ = {
			isa = XCBuildConfiguration;
			buildSettings = {
				ASSETCATALOG_COMPILER_APPICON_NAME = AppIcon;
				ASSETCATALOG_COMPILER_GLOBAL_ACCENT_COLOR_NAME = AccentColor;
				CODE_SIGN_STYLE = Automatic;
				CURRENT_PROJECT_VERSION = 1;
				DEVELOPMENT_ASSET_PATHS = "\"CardsLearning/Preview Content\"";
				DEVELOPMENT_TEAM = 5L2PK7Z938;
				ENABLE_PREVIEWS = YES;
				GENERATE_INFOPLIST_FILE = YES;
				INFOPLIST_KEY_UIApplicationSceneManifest_Generation = YES;
				INFOPLIST_KEY_UIApplicationSupportsIndirectInputEvents = YES;
				INFOPLIST_KEY_UILaunchScreen_Generation = YES;
				INFOPLIST_KEY_UISupportedInterfaceOrientations_iPad = "UIInterfaceOrientationPortrait UIInterfaceOrientationPortraitUpsideDown UIInterfaceOrientationLandscapeLeft UIInterfaceOrientationLandscapeRight";
				INFOPLIST_KEY_UISupportedInterfaceOrientations_iPhone = "UIInterfaceOrientationPortrait UIInterfaceOrientationLandscapeLeft UIInterfaceOrientationLandscapeRight";
				LD_RUNPATH_SEARCH_PATHS = (
					"$(inherited)",
					"@executable_path/Frameworks",
				);
				MARKETING_VERSION = 1.0;
				PRODUCT_BUNDLE_IDENTIFIER = com.panda.CardsLearning;
				PRODUCT_NAME = "$(TARGET_NAME)";
				SWIFT_EMIT_LOC_STRINGS = YES;
				SWIFT_VERSION = 5.0;
				TARGETED_DEVICE_FAMILY = "1,2";
			};
			name = Release;
		};
/* End XCBuildConfiguration section */

/* Begin XCConfigurationList section */
		CD08899F2C3AD11A007F5ACC /* Build configuration list for PBXProject "CardsLearning" */ = {
			isa = XCConfigurationList;
			buildConfigurations = (
				CD0889B02C3AD11B007F5ACC /* Debug */,
				CD0889B12C3AD11B007F5ACC /* Release */,
			);
			defaultConfigurationIsVisible = 0;
			defaultConfigurationName = Release;
		};
		CD0889B22C3AD11B007F5ACC /* Build configuration list for PBXNativeTarget "CardsLearning" */ = {
			isa = XCConfigurationList;
			buildConfigurations = (
				CD0889B32C3AD11B007F5ACC /* Debug */,
				CD0889B42C3AD11B007F5ACC /* Release */,
			);
			defaultConfigurationIsVisible = 0;
			defaultConfigurationName = Release;
		};
/* End XCConfigurationList section */

/* Begin XCVersionGroup section */
		CDA51AD52C778D0100B48A91 /* Model.xcdatamodeld */ = {
			isa = XCVersionGroup;
			children = (
				CDA51AD62C778D0100B48A91 /* Model.xcdatamodel */,
			);
			currentVersion = CDA51AD62C778D0100B48A91 /* Model.xcdatamodel */;
			path = Model.xcdatamodeld;
			sourceTree = "<group>";
			versionGroupType = wrapper.xcdatamodel;
		};
/* End XCVersionGroup section */
	};
	rootObject = CD08899C2C3AD11A007F5ACC /* Project object */;
}
